
Microsoft Visual Studio Solution File, Format Version 12.00
# Visual Studio Version 17
VisualStudioVersion = 17.8.34322.80
MinimumVisualStudioVersion = 10.0.40219.1
Project("{FAE04EC0-301F-11D3-BF4B-00C04F79EFBC}") = "TaskForMoodivationStack.WebApi", "TaskForMoodivationStack.WebApi\TaskForMoodivationStack.WebApi.csproj", "{D6CAAE2F-EBBB-40C2-A773-C194A1D39C87}"
EndProject
Global
	GlobalSection(SolutionConfigurationPlatforms) = preSolution
		Debug|Any CPU = Debug|Any CPU
		Release|Any CPU = Release|Any CPU
	EndGlobalSection
	GlobalSection(ProjectConfigurationPlatforms) = postSolution
		{D6CAAE2F-EBBB-40C2-A773-C194A1D39C87}.Debug|Any CPU.ActiveCfg = Debug|Any CPU
		{D6CAAE2F-EBBB-40C2-A773-C194A1D39C87}.Debug|Any CPU.Build.0 = Debug|Any CPU
		{D6CAAE2F-EBBB-40C2-A773-C194A1D39C87}.Release|Any CPU.ActiveCfg = Release|Any CPU
		{D6CAAE2F-EBBB-40C2-A773-C194A1D39C87}.Release|Any CPU.Build.0 = Release|Any CPU
	EndGlobalSection
	GlobalSection(SolutionProperties) = preSolution
		HideSolutionNode = FALSE
	EndGlobalSection
	GlobalSection(ExtensibilityGlobals) = postSolution
		SolutionGuid = {21F7B15E-20CC-4827-84E4-56B815514154}
	EndGlobalSection
EndGlobal
